
Microsoft Visual Studio Solution File, Format Version 12.00
# Visual Studio Version 17
VisualStudioVersion = 17.1.32421.90
MinimumVisualStudioVersion = 10.0.40219.1
Project("{FAE04EC0-301F-11D3-BF4B-00C04F79EFBC}") = "FP_Set2", "FP_Set2\FP_Set2.csproj", "{2A167F6B-106F-4C5C-A695-4E99DE815532}"
EndProject
Global
	GlobalSection(SolutionConfigurationPlatforms) = preSolution
		Debug|Any CPU = Debug|Any CPU
		Release|Any CPU = Release|Any CPU
	EndGlobalSection
	GlobalSection(ProjectConfigurationPlatforms) = postSolution
		{2A167F6B-106F-4C5C-A695-4E99DE815532}.Debug|Any CPU.ActiveCfg = Debug|Any CPU
		{2A167F6B-106F-4C5C-A695-4E99DE815532}.Debug|Any CPU.Build.0 = Debug|Any CPU
		{2A167F6B-106F-4C5C-A695-4E99DE815532}.Release|Any CPU.ActiveCfg = Release|Any CPU
		{2A167F6B-106F-4C5C-A695-4E99DE815532}.Release|Any CPU.Build.0 = Release|Any CPU
	EndGlobalSection
	GlobalSection(SolutionProperties) = preSolution
		HideSolutionNode = FALSE
	EndGlobalSection
	GlobalSection(ExtensibilityGlobals) = postSolution
		SolutionGuid = {E9791040-263F-4DAA-AE68-A14FC20BB7C3}
	EndGlobalSection
EndGlobal
